
Microsoft Visual Studio Solution File, Format Version 12.00
# Visual Studio Version 17
VisualStudioVersion = 17.8.34309.116
MinimumVisualStudioVersion = 10.0.40219.1
Project("{9A19103F-16F7-4668-BE54-9A1E7A4F7556}") = "Application", "Application\Application.csproj", "{F875CD92-6D7C-4D2B-9404-2E812CA65CDE}"
EndProject
Project("{9A19103F-16F7-4668-BE54-9A1E7A4F7556}") = "Domain", "Domain\Domain.csproj", "{FF92E713-E3FC-475E-8B4F-8B5331C73FF3}"
EndProject
Project("{9A19103F-16F7-4668-BE54-9A1E7A4F7556}") = "Infrastructure", "Infrastructure\Infrastructure.csproj", "{B6AA6280-7B67-4B85-B4A8-B97F875304BC}"
EndProject
Project("{9A19103F-16F7-4668-BE54-9A1E7A4F7556}") = "Tests", "Tests\Tests.csproj", "{C8C54A56-1F0E-4264-B34F-70FDF26614A3}"
EndProject
Project("{9A19103F-16F7-4668-BE54-9A1E7A4F7556}") = "API", "API\API.csproj", "{8D200A61-D99D-4F71-A003-F8D9CB5B4B1A}"
EndProject
Global
	GlobalSection(SolutionConfigurationPlatforms) = preSolution
		Debug|Any CPU = Debug|Any CPU
		Release|Any CPU = Release|Any CPU
	EndGlobalSection
	GlobalSection(ProjectConfigurationPlatforms) = postSolution
		{F875CD92-6D7C-4D2B-9404-2E812CA65CDE}.Debug|Any CPU.ActiveCfg = Debug|Any CPU
		{F875CD92-6D7C-4D2B-9404-2E812CA65CDE}.Debug|Any CPU.Build.0 = Debug|Any CPU
		{F875CD92-6D7C-4D2B-9404-2E812CA65CDE}.Release|Any CPU.ActiveCfg = Release|Any CPU
		{F875CD92-6D7C-4D2B-9404-2E812CA65CDE}.Release|Any CPU.Build.0 = Release|Any CPU
		{FF92E713-E3FC-475E-8B4F-8B5331C73FF3}.Debug|Any CPU.ActiveCfg = Debug|Any CPU
		{FF92E713-E3FC-475E-8B4F-8B5331C73FF3}.Debug|Any CPU.Build.0 = Debug|Any CPU
		{FF92E713-E3FC-475E-8B4F-8B5331C73FF3}.Release|Any CPU.ActiveCfg = Release|Any CPU
		{FF92E713-E3FC-475E-8B4F-8B5331C73FF3}.Release|Any CPU.Build.0 = Release|Any CPU
		{B6AA6280-7B67-4B85-B4A8-B97F875304BC}.Debug|Any CPU.ActiveCfg = Debug|Any CPU
		{B6AA6280-7B67-4B85-B4A8-B97F875304BC}.Debug|Any CPU.Build.0 = Debug|Any CPU
		{B6AA6280-7B67-4B85-B4A8-B97F875304BC}.Release|Any CPU.ActiveCfg = Release|Any CPU
		{B6AA6280-7B67-4B85-B4A8-B97F875304BC}.Release|Any CPU.Build.0 = Release|Any CPU
		{C8C54A56-1F0E-4264-B34F-70FDF26614A3}.Debug|Any CPU.ActiveCfg = Debug|Any CPU
		{C8C54A56-1F0E-4264-B34F-70FDF26614A3}.Debug|Any CPU.Build.0 = Debug|Any CPU
		{C8C54A56-1F0E-4264-B34F-70FDF26614A3}.Release|Any CPU.ActiveCfg = Release|Any CPU
		{C8C54A56-1F0E-4264-B34F-70FDF26614A3}.Release|Any CPU.Build.0 = Release|Any CPU
		{8D200A61-D99D-4F71-A003-F8D9CB5B4B1A}.Debug|Any CPU.ActiveCfg = Debug|Any CPU
		{8D200A61-D99D-4F71-A003-F8D9CB5B4B1A}.Debug|Any CPU.Build.0 = Debug|Any CPU
		{8D200A61-D99D-4F71-A003-F8D9CB5B4B1A}.Release|Any CPU.ActiveCfg = Release|Any CPU
		{8D200A61-D99D-4F71-A003-F8D9CB5B4B1A}.Release|Any CPU.Build.0 = Release|Any CPU
	EndGlobalSection
	GlobalSection(SolutionProperties) = preSolution
		HideSolutionNode = FALSE
	EndGlobalSection
	GlobalSection(ExtensibilityGlobals) = postSolution
		SolutionGuid = {551C0C84-D489-40F1-BD97-3AA7F24C5CCD}
	EndGlobalSection
EndGlobal
